# Generated by pub
# See http://pub.dartlang.org/doc/glossary.html#lockfile
packages:
  analyzer:
    description: analyzer
    source: hosted
    version: "0.25.0+1"
  path:
    description: path
    source: hosted
    version: "1.3.5"
  stack_trace:
    description: stack_trace
    source: hosted
    version: "1.3.1"
  watcher:
    description: watcher
    source: hosted
    version: "0.9.5"
